
Microsoft Visual Studio Solution File, Format Version 12.00
# Visual Studio Version 16
VisualStudioVersion = 16.0.33130.400
MinimumVisualStudioVersion = 10.0.40219.1
Project("{8BC9CEB8-8B4A-11D0-8D11-00A0C91BC942}") = "telephone_v1", "telephone_v1\telephone_v1.vcxproj", "{FBFF2B6D-89A4-4D83-90BA-80F1B054125B}"
EndProject
Global
	GlobalSection(SolutionConfigurationPlatforms) = preSolution
		Debug|x64 = Debug|x64
		Debug|x86 = Debug|x86
		Release|x64 = Release|x64
		Release|x86 = Release|x86
	EndGlobalSection
	GlobalSection(ProjectConfigurationPlatforms) = postSolution
		{FBFF2B6D-89A4-4D83-90BA-80F1B054125B}.Debug|x64.ActiveCfg = Debug|x64
		{FBFF2B6D-89A4-4D83-90BA-80F1B054125B}.Debug|x64.Build.0 = Debug|x64
		{FBFF2B6D-89A4-4D83-90BA-80F1B054125B}.Debug|x86.ActiveCfg = Debug|Win32
		{FBFF2B6D-89A4-4D83-90BA-80F1B054125B}.Debug|x86.Build.0 = Debug|Win32
		{FBFF2B6D-89A4-4D83-90BA-80F1B054125B}.Release|x64.ActiveCfg = Release|x64
		{FBFF2B6D-89A4-4D83-90BA-80F1B054125B}.Release|x64.Build.0 = Release|x64
		{FBFF2B6D-89A4-4D83-90BA-80F1B054125B}.Release|x86.ActiveCfg = Release|Win32
		{FBFF2B6D-89A4-4D83-90BA-80F1B054125B}.Release|x86.Build.0 = Release|Win32
	EndGlobalSection
	GlobalSection(SolutionProperties) = preSolution
		HideSolutionNode = FALSE
	EndGlobalSection
	GlobalSection(ExtensibilityGlobals) = postSolution
		SolutionGuid = {B39F0B99-820E-4B67-BA6E-FD6405368317}
	EndGlobalSection
EndGlobal
